<?xml version="1.0" encoding="utf-8"?>
<Project ToolsVersion="4.0" xmlns="http://schemas.microsoft.com/developer/msbuild/2003">
  <ItemGroup>
    <Filter Include="Source Files">
      <UniqueIdentifier>{4FC737F1-C7A5-4376-A066-2A32D752A2FF}</UniqueIdentifier>
      <Extensions>cpp;c;cc;cxx;def;odl;idl;hpj;bat;asm;asmx</Extensions>
    </Filter>
    <Filter Include="Header Files">
      <UniqueIdentifier>{93995380-89BD-4b04-88EB-625FBE52EBFB}</UniqueIdentifier>
      <Extensions>h;hh;hpp;hxx;hm;inl;inc;ipp;xsd</Extensions>
    </Filter>
    <Filter Include="Resource Files">
      <UniqueIdentifier>{67DA6AB6-F800-4c08-8B7A-83BB121AAD01}</UniqueIdentifier>
      <Extensions>rc;ico;cur;bmp;dlg;rc2;rct;bin;rgs;gif;jpg;jpeg;jpe;resx;tiff;tif;png;wav;mfcribbon-ms</Extensions>
    </Filter>
  </ItemGroup>
  <ItemGroup>
    <ClCompile Include="testbench.cpp">
      <Filter>Source Files</Filter>
    </ClCompile>
    <ClCompile Include="CaxiMaio.cpp">
      <Filter>Source Files</Filter>
    </ClCompile>
    <ClCompile Include="Cmiox.cpp">
      <Filter>Source Files</Filter>
    </ClCompile>
    <ClCompile Include="Ctest.cpp">
      <Filter>Source Files</Filter>
    </ClCompile>
    <ClCompile Include="spiaccess.cpp">
      <Filter>Source Files</Filter>
    </ClCompile>
    <ClCompile Include="CtestAxiMaio.cpp">
      <Filter>Source Files</Filter>
    </ClCompile>
    <ClCompile Include="CtestQuadSpi.cpp">
      <Filter>Source Files</Filter>
    </ClCompile>
    <ClCompile Include="Cares.cpp">
      <Filter>Source Files</Filter>
    </ClCompile>
    <ClCompile Include="CtestAresID.cpp">
      <Filter>Source Files</Filter>
    </ClCompile>
    <ClCompile Include="CtestAresAxiWindow.cpp">
      <Filter>Source Files</Filter>
    </ClCompile>
    <ClCompile Include="CtestHyperRam.cpp">
      <Filter>Source Files</Filter>
    </ClCompile>
    <ClCompile Include="Crpc2Ctrl.cpp">
      <Filter>Source Files</Filter>
    </ClCompile>
    <ClCompile Include="CzynqDDR2.cpp">
      <Filter>Source Files</Filter>
    </ClCompile>
  </ItemGroup>
  <ItemGroup>
    <ClInclude Include="..\..\..\..\ipcores\axiMaio\sdk\maio_registerfile.h">
      <Filter>Header Files</Filter>
    </ClInclude>
    <ClInclude Include="CaxiMaio.h">
      <Filter>Header Files</Filter>
    </ClInclude>
    <ClInclude Include="Cmiox.h">
      <Filter>Header Files</Filter>
    </ClInclude>
    <ClInclude Include="..\..\..\..\ipcores\pcie2AxiMaster\sdk\pcie2AxiMaster.h">
      <Filter>Header Files</Filter>
    </ClInclude>
    <ClInclude Include="Ctest.h">
      <Filter>Header Files</Filter>
    </ClInclude>
    <ClInclude Include="spiaccess.h">
      <Filter>Header Files</Filter>
    </ClInclude>
    <ClInclude Include="CzynqDDR2.h">
      <Filter>Header Files</Filter>
    </ClInclude>
    <ClInclude Include="fdk.h">
      <Filter>Header Files</Filter>
    </ClInclude>
    <ClInclude Include="CtestAxiMaio.h">
      <Filter>Header Files</Filter>
    </ClInclude>
    <ClInclude Include="CtestQuadSpi.h">
      <Filter>Header Files</Filter>
    </ClInclude>
    <ClInclude Include="Cares.h">
      <Filter>Header Files</Filter>
    </ClInclude>
    <ClInclude Include="CtestAresAxiWindow.h">
      <Filter>Header Files</Filter>
    </ClInclude>
    <ClInclude Include="CtestAresID.h">
      <Filter>Header Files</Filter>
    </ClInclude>
    <ClInclude Include="CtestHyperRam.h">
      <Filter>Header Files</Filter>
    </ClInclude>
    <ClInclude Include="Crpc2Ctrl.h">
      <Filter>Header Files</Filter>
    </ClInclude>
  </ItemGroup>
</Project>