<?xml version="1.0" encoding="utf-8"?>
<Project ToolsVersion="4.0" xmlns="http://schemas.microsoft.com/developer/msbuild/2003">
  <ItemGroup>
    <Filter Include="Source Files">
      <UniqueIdentifier>{4FC737F1-C7A5-4376-A066-2A32D752A2FF}</UniqueIdentifier>
      <Extensions>cpp;c;cc;cxx;def;odl;idl;hpj;bat;asm;asmx</Extensions>
    </Filter>
    <Filter Include="Header Files">
      <UniqueIdentifier>{93995380-89BD-4b04-88EB-625FBE52EBFB}</UniqueIdentifier>
      <Extensions>h;hh;hpp;hxx;hm;inl;inc;ipp;xsd</Extensions>
    </Filter>
    <Filter Include="Resource Files">
      <UniqueIdentifier>{67DA6AB6-F800-4c08-8B7A-83BB121AAD01}</UniqueIdentifier>
      <Extensions>rc;ico;cur;bmp;dlg;rc2;rct;bin;rgs;gif;jpg;jpeg;jpe;resx;tiff;tif;png;wav;mfcribbon-ms</Extensions>
    </Filter>
    <Filter Include="tests">
      <UniqueIdentifier>{7f9a0b1c-06fa-489e-80cf-55e003553bba}</UniqueIdentifier>
    </Filter>
  </ItemGroup>
  <ItemGroup>
    <ClCompile Include="source\SystemTree.cpp">
      <Filter>Source Files</Filter>
    </ClCompile>
    <ClCompile Include="source\MilLayer.cpp">
      <Filter>Source Files</Filter>
    </ClCompile>
    <ClCompile Include="source\mtxservmanager.cpp">
      <Filter>Source Files</Filter>
    </ClCompile>
    <ClCompile Include="source\XGS_Ctrl.cpp">
      <Filter>Source Files</Filter>
    </ClCompile>
    <ClCompile Include="source\I2C.cpp">
      <Filter>Source Files</Filter>
    </ClCompile>
    <ClCompile Include="tests\test_0000_Continu.cpp">
      <Filter>tests</Filter>
    </ClCompile>
    <ClCompile Include="source\XGS12K.cpp">
      <Filter>Source Files</Filter>
    </ClCompile>
    <ClCompile Include="source\XGS_Data.cpp">
      <Filter>Source Files</Filter>
    </ClCompile>
    <ClCompile Include="tests\test_0001_SWtrig.cpp">
      <Filter>tests</Filter>
    </ClCompile>
    <ClCompile Include="source\XGS5K.cpp">
      <Filter>Source Files</Filter>
    </ClCompile>
    <ClCompile Include="source\XGSxK.cpp">
      <Filter>Source Files</Filter>
    </ClCompile>
    <ClCompile Include="source\XGS16K.cpp">
      <Filter>Source Files</Filter>
    </ClCompile>
    <ClCompile Include="tests\test_0002_Continu_2xROI.cpp">
      <Filter>tests</Filter>
    </ClCompile>
    <ClCompile Include="source\Pcie.cpp">
      <Filter>Source Files</Filter>
    </ClCompile>
    <ClCompile Include="Iris4_Camera.cpp">
      <Filter>Source Files</Filter>
    </ClCompile>
    <ClCompile Include="source\Random.cpp">
      <Filter>Source Files</Filter>
    </ClCompile>
    <ClCompile Include="source\osfunctions.cpp">
      <Filter>Source Files</Filter>
    </ClCompile>
    <ClCompile Include="source\flashupdate.cpp">
      <Filter>Source Files</Filter>
    </ClCompile>
    <ClCompile Include="source\Ares.cpp">
      <Filter>Source Files</Filter>
    </ClCompile>
    <ClCompile Include="tests\test_0010_Continu_nbframes.cpp">
      <Filter>tests</Filter>
    </ClCompile>
    <ClCompile Include="tests\test_0003_HW_Timer.cpp">
      <Filter>tests</Filter>
    </ClCompile>
    <ClCompile Include="tests\test_0004_Continu_FPS.cpp">
      <Filter>tests</Filter>
    </ClCompile>
    <ClCompile Include="tests\test_0005_SWtrig_Random.cpp">
      <Filter>tests</Filter>
    </ClCompile>
    <ClCompile Include="tests\test_0006_SWtrig_BlackCorr.cpp">
      <Filter>tests</Filter>
    </ClCompile>
    <ClCompile Include="tests\test_0007_Continu_DPC.cpp">
      <Filter>tests</Filter>
    </ClCompile>
    <ClCompile Include="tests\test_0009_Optics.cpp">
      <Filter>tests</Filter>
    </ClCompile>
  </ItemGroup>
  <ItemGroup>
    <ClInclude Include="include\mbasictypes.h">
      <Filter>Header Files</Filter>
    </ClInclude>
    <ClInclude Include="include\MilLayer.h">
      <Filter>Header Files</Filter>
    </ClInclude>
    <ClInclude Include="include\mtxservmanager.h">
      <Filter>Header Files</Filter>
    </ClInclude>
    <ClInclude Include="include\stdafx.h">
      <Filter>Header Files</Filter>
    </ClInclude>
    <ClInclude Include="include\SystemTree.h">
      <Filter>Header Files</Filter>
    </ClInclude>
    <ClInclude Include="include\targetver.h">
      <Filter>Header Files</Filter>
    </ClInclude>
    <ClInclude Include="include\XGS_Ctrl.h">
      <Filter>Header Files</Filter>
    </ClInclude>
    <ClInclude Include="include\I2C.h">
      <Filter>Header Files</Filter>
    </ClInclude>
    <ClInclude Include="include\XGS_Data.h">
      <Filter>Header Files</Filter>
    </ClInclude>
    <ClInclude Include="..\..\..\local_ip\XGS_athena\registerfile\regfile_xgs_athena.h">
      <Filter>Header Files</Filter>
    </ClInclude>
    <ClInclude Include="..\..\..\local_ip\axi_i2c_1.0\registerfile\regfile_i2c.h">
      <Filter>Header Files</Filter>
    </ClInclude>
    <ClInclude Include="include\Pcie.h">
      <Filter>Header Files</Filter>
    </ClInclude>
    <ClInclude Include="resource.h">
      <Filter>Header Files</Filter>
    </ClInclude>
    <ClInclude Include="..\..\..\local_ip\pcie2AxiMaster_v3.0\registerfile\regfile_pcie2AxiMaster.h">
      <Filter>Header Files</Filter>
    </ClInclude>
    <ClInclude Include="include\osfunctions.h">
      <Filter>Header Files</Filter>
    </ClInclude>
    <ClInclude Include="include\osincludes.h">
      <Filter>Header Files</Filter>
    </ClInclude>
    <ClInclude Include="include\flashupdate.h">
      <Filter>Header Files</Filter>
    </ClInclude>
    <ClInclude Include="include\IntelHexFormatDecoder.h">
      <Filter>Header Files</Filter>
    </ClInclude>
    <ClInclude Include="include\milstring.h">
      <Filter>Header Files</Filter>
    </ClInclude>
    <ClInclude Include="include\Ares.h">
      <Filter>Header Files</Filter>
    </ClInclude>
    <ClInclude Include="..\..\..\..\ares_pcie\registerfile\regfile_ares.h">
      <Filter>Header Files</Filter>
    </ClInclude>
  </ItemGroup>
  <ItemGroup>
    <ResourceCompile Include="Iris4_Camera.rc">
      <Filter>Resource Files</Filter>
    </ResourceCompile>
  </ItemGroup>
  <ItemGroup>
    <Image Include="Camera.ico">
      <Filter>Resource Files</Filter>
    </Image>
  </ItemGroup>
</Project>